
Microsoft Visual Studio Solution File, Format Version 12.00
# Visual Studio Version 17
VisualStudioVersion = 17.4.33213.308
MinimumVisualStudioVersion = 10.0.40219.1
Project("{9A19103F-16F7-4668-BE54-9A1E7A4F7556}") = "Fluent.Metadata", "Fluent.Metadata\Fluent.Metadata.csproj", "{6C3F8AC9-A553-41AA-A9DF-509154AA28F1}"
EndProject
Project("{9A19103F-16F7-4668-BE54-9A1E7A4F7556}") = "Fluent.Metadata.Example", "Fluent.Metadata.Example\Fluent.Metadata.Example.csproj", "{D72CE87E-A216-48C8-A78A-3BB95F8322C9}"
EndProject
Global
	GlobalSection(SolutionConfigurationPlatforms) = preSolution
		Debug|Any CPU = Debug|Any CPU
		Release|Any CPU = Release|Any CPU
	EndGlobalSection
	GlobalSection(ProjectConfigurationPlatforms) = postSolution
		{6C3F8AC9-A553-41AA-A9DF-509154AA28F1}.Debug|Any CPU.ActiveCfg = Debug|Any CPU
		{6C3F8AC9-A553-41AA-A9DF-509154AA28F1}.Debug|Any CPU.Build.0 = Debug|Any CPU
		{6C3F8AC9-A553-41AA-A9DF-509154AA28F1}.Release|Any CPU.ActiveCfg = Release|Any CPU
		{6C3F8AC9-A553-41AA-A9DF-509154AA28F1}.Release|Any CPU.Build.0 = Release|Any CPU
		{D72CE87E-A216-48C8-A78A-3BB95F8322C9}.Debug|Any CPU.ActiveCfg = Debug|Any CPU
		{D72CE87E-A216-48C8-A78A-3BB95F8322C9}.Debug|Any CPU.Build.0 = Debug|Any CPU
		{D72CE87E-A216-48C8-A78A-3BB95F8322C9}.Release|Any CPU.ActiveCfg = Release|Any CPU
		{D72CE87E-A216-48C8-A78A-3BB95F8322C9}.Release|Any CPU.Build.0 = Release|Any CPU
	EndGlobalSection
	GlobalSection(SolutionProperties) = preSolution
		HideSolutionNode = FALSE
	EndGlobalSection
	GlobalSection(ExtensibilityGlobals) = postSolution
		SolutionGuid = {34397CA8-3462-44E1-9DBC-618BCE495B58}
	EndGlobalSection
EndGlobal
